
Microsoft Visual Studio Solution File, Format Version 12.00
# Visual Studio 15
VisualStudioVersion = 15.0.27428.2011
MinimumVisualStudioVersion = 10.0.40219.1
Project("{FAE04EC0-301F-11D3-BF4B-00C04F79EFBC}") = "SimpleSamlIdp", "SimpleSamlIdp\SimpleSamlIdp.csproj", "{6A73ECC5-537E-4FBA-A076-BDE855C7146A}"
EndProject
Global
	GlobalSection(SolutionConfigurationPlatforms) = preSolution
		Debug|Any CPU = Debug|Any CPU
		Release|Any CPU = Release|Any CPU
	EndGlobalSection
	GlobalSection(ProjectConfigurationPlatforms) = postSolution
		{6A73ECC5-537E-4FBA-A076-BDE855C7146A}.Debug|Any CPU.ActiveCfg = Debug|Any CPU
		{6A73ECC5-537E-4FBA-A076-BDE855C7146A}.Debug|Any CPU.Build.0 = Debug|Any CPU
		{6A73ECC5-537E-4FBA-A076-BDE855C7146A}.Release|Any CPU.ActiveCfg = Release|Any CPU
		{6A73ECC5-537E-4FBA-A076-BDE855C7146A}.Release|Any CPU.Build.0 = Release|Any CPU
	EndGlobalSection
	GlobalSection(SolutionProperties) = preSolution
		HideSolutionNode = FALSE
	EndGlobalSection
	GlobalSection(ExtensibilityGlobals) = postSolution
		SolutionGuid = {0E4C49BF-C590-48E3-8D87-0E34CE6EA52E}
	EndGlobalSection
EndGlobal
